// !$*UTF8*$!
{
	archiveVersion = 1;
	classes = {
	};
	objectVersion = 50;
	objects = {

/* Begin PBXBuildFile section */
		B139FC98245C16020076D68C /* AppDelegate.swift in Sources */ = {isa = PBXBuildFile; fileRef = B139FC97245C16020076D68C /* AppDelegate.swift */; };
		B139FC9A245C16020076D68C /* SceneDelegate.swift in Sources */ = {isa = PBXBuildFile; fileRef = B139FC99245C16020076D68C /* SceneDelegate.swift */; };
		B139FC9C245C16020076D68C /* ContentView.swift in Sources */ = {isa = PBXBuildFile; fileRef = B139FC9B245C16020076D68C /* ContentView.swift */; };
		B139FC9E245C16030076D68C /* Assets.xcassets in Resources */ = {isa = PBXBuildFile; fileRef = B139FC9D245C16030076D68C /* Assets.xcassets */; };
		B139FCA1245C16030076D68C /* Preview Assets.xcassets in Resources */ = {isa = PBXBuildFile; fileRef = B139FCA0245C16030076D68C /* Preview Assets.xcassets */; };
		B139FCA4245C16030076D68C /* LaunchScreen.storyboard in Resources */ = {isa = PBXBuildFile; fileRef = B139FCA2245C16030076D68C /* LaunchScreen.storyboard */; };
		B139FCAD245C19C50076D68C /* Pacifico-Regular.ttf in Resources */ = {isa = PBXBuildFile; fileRef = B139FCAC245C19C50076D68C /* Pacifico-Regular.ttf */; };
		B139FCB3245C241D0076D68C /* InfoView.swift in Sources */ = {isa = PBXBuildFile; fileRef = B139FCB2245C241D0076D68C /* InfoView.swift */; };
/* End PBXBuildFile section */

/* Begin PBXFileReference section */
		B139FC94245C16020076D68C /* ArturCard.app */ = {isa = PBXFileReference; explicitFileType = wrapper.application; includeInIndex = 0; path = ArturCard.app; sourceTree = BUILT_PRODUCTS_DIR; };
		B139FC97245C16020076D68C /* AppDelegate.swift */ = {isa = PBXFileReference; lastKnownFileType = sourcecode.swift; path = AppDelegate.swift; sourceTree = "<group>"; };
		B139FC99245C16020076D68C /* SceneDelegate.swift */ = {isa = PBXFileReference; lastKnownFileType = sourcecode.swift; path = SceneDelegate.swift; sourceTree = "<group>"; };
		B139FC9B245C16020076D68C /* ContentView.swift */ = {isa = PBXFileReference; lastKnownFileType = sourcecode.swift; path = ContentView.swift; sourceTree = "<group>"; };
		B139FC9D245C16030076D68C /* Assets.xcassets */ = {isa = PBXFileReference; lastKnownFileType = folder.assetcatalog; path = Assets.xcassets; sourceTree = "<group>"; };
		B139FCA0245C16030076D68C /* Preview Assets.xcassets */ = {isa = PBXFileReference; lastKnownFileType = folder.assetcatalog; path = "Preview Assets.xcassets"; sourceTree = "<group>"; };
		B139FCA3245C16030076D68C /* Base */ = {isa = PBXFileReference; lastKnownFileType = file.storyboard; name = Base; path = Base.lproj/LaunchScreen.storyboard; sourceTree = "<group>"; };
		B139FCA5245C16030076D68C /* Info.plist */ = {isa = PBXFileReference; lastKnownFileType = text.plist.xml; path = Info.plist; sourceTree = "<group>"; };
		B139FCAC245C19C50076D68C /* Pacifico-Regular.ttf */ = {isa = PBXFileReference; lastKnownFileType = file; path = "Pacifico-Regular.ttf"; sourceTree = "<group>"; };
		B139FCB2245C241D0076D68C /* InfoView.swift */ = {isa = PBXFileReference; lastKnownFileType = sourcecode.swift; path = InfoView.swift; sourceTree = "<group>"; };
/* End PBXFileReference section */

/* Begin PBXFrameworksBuildPhase section */
		B139FC91245C16020076D68C /* Frameworks */ = {
			isa = PBXFrameworksBuildPhase;
			buildActionMask = 2147483647;
			files = (
			);
			runOnlyForDeploymentPostprocessing = 0;
		};
/* End PBXFrameworksBuildPhase section */

/* Begin PBXGroup section */
		B139FC8B245C16020076D68C = {
			isa = PBXGroup;
			children = (
				B139FC96245C16020076D68C /* ArturCard */,
				B139FC95245C16020076D68C /* Products */,
			);
			sourceTree = "<group>";
		};
		B139FC95245C16020076D68C /* Products */ = {
			isa = PBXGroup;
			children = (
				B139FC94245C16020076D68C /* ArturCard.app */,
			);
			name = Products;
			sourceTree = "<group>";
		};
		B139FC96245C16020076D68C /* ArturCard */ = {
			isa = PBXGroup;
			children = (
				B139FCAB245C19960076D68C /* fonts */,
				B139FC97245C16020076D68C /* AppDelegate.swift */,
				B139FC99245C16020076D68C /* SceneDelegate.swift */,
				B139FC9B245C16020076D68C /* ContentView.swift */,
				B139FCB2245C241D0076D68C /* InfoView.swift */,
				B139FC9D245C16030076D68C /* Assets.xcassets */,
				B139FCA2245C16030076D68C /* LaunchScreen.storyboard */,
				B139FCA5245C16030076D68C /* Info.plist */,
				B139FC9F245C16030076D68C /* Preview Content */,
			);
			path = ArturCard;
			sourceTree = "<group>";
		};
		B139FC9F245C16030076D68C /* Preview Content */ = {
			isa = PBXGroup;
			children = (
				B139FCA0245C16030076D68C /* Preview Assets.xcassets */,
			);
			path = "Preview Content";
			sourceTree = "<group>";
		};
		B139FCAB245C19960076D68C /* fonts */ = {
			isa = PBXGroup;
			children = (
				B139FCAC245C19C50076D68C /* Pacifico-Regular.ttf */,
			);
			path = fonts;
			sourceTree = "<group>";
		};
/* End PBXGroup section */

/* Begin PBXNativeTarget section */
		B139FC93245C16020076D68C /* ArturCard */ = {
			isa = PBXNativeTarget;
			buildConfigurationList = B139FCA8245C16030076D68C /* Build configuration list for PBXNativeTarget "ArturCard" */;
			buildPhases = (
				B139FC90245C16020076D68C /* Sources */,
				B139FC91245C16020076D68C /* Frameworks */,
				B139FC92245C16020076D68C /* Resources */,
			);
			buildRules = (
			);
			dependencies = (
			);
			name = ArturCard;
			productName = ArturCard;
			productReference = B139FC94245C16020076D68C /* ArturCard.app */;
			productType = "com.apple.product-type.application";
		};
/* End PBXNativeTarget section */

/* Begin PBXProject section */
		B139FC8C245C16020076D68C /* Project object */ = {
			isa = PBXProject;
			attributes = {
				LastSwiftUpdateCheck = 1140;
				LastUpgradeCheck = 1140;
				ORGANIZATIONNAME = "Artur KNOTHE";
				TargetAttributes = {
					B139FC93245C16020076D68C = {
						CreatedOnToolsVersion = 11.4;
					};
				};
			};
			buildConfigurationList = B139FC8F245C16020076D68C /* Build configuration list for PBXProject "ArturCard" */;
			compatibilityVersion = "Xcode 9.3";
			developmentRegion = en;
			hasScannedForEncodings = 0;
			knownRegions = (
				en,
				Base,
			);
			mainGroup = B139FC8B245C16020076D68C;
			productRefGroup = B139FC95245C16020076D68C /* Products */;
			projectDirPath = "";
			projectRoot = "";
			targets = (
				B139FC93245C16020076D68C /* ArturCard */,
			);
		};
/* End PBXProject section */

/* Begin PBXResourcesBuildPhase section */
		B139FC92245C16020076D68C /* Resources */ = {
			isa = PBXResourcesBuildPhase;
			buildActionMask = 2147483647;
			files = (
				B139FCA4245C16030076D68C /* LaunchScreen.storyboard in Resources */,
				B139FCAD245C19C50076D68C /* Pacifico-Regular.ttf in Resources */,
				B139FCA1245C16030076D68C /* Preview Assets.xcassets in Resources */,
				B139FC9E245C16030076D68C /* Assets.xcassets in Resources */,
			);
			runOnlyForDeploymentPostprocessing = 0;
		};
/* End PBXResourcesBuildPhase section */

/* Begin PBXSourcesBuildPhase section */
		B139FC90245C16020076D68C /* Sources */ = {
			isa = PBXSourcesBuildPhase;
			buildActionMask = 2147483647;
			files = (
				B139FCB3245C241D0076D68C /* InfoView.swift in Sources */,
				B139FC98245C16020076D68C /* AppDelegate.swift in Sources */,
				B139FC9A245C16020076D68C /* SceneDelegate.swift in Sources */,
				B139FC9C245C16020076D68C /* ContentView.swift in Sources */,
			);
			runOnlyForDeploymentPostprocessing = 0;
		};
/* End PBXSourcesBuildPhase section */

/* Begin PBXVariantGroup section */
		B139FCA2245C16030076D68C /* LaunchScreen.storyboard */ = {
			isa = PBXVariantGroup;
			children = (
				B139FCA3245C16030076D68C /* Base */,
			);
			name = LaunchScreen.storyboard;
			sourceTree = "<group>";
		};
/* End PBXVariantGroup section */

/* Begin XCBuildConfiguration section */
		B139FCA6245C16030076D68C /* Debug */ = {
			isa = XCBuildConfiguration;
			buildSettings = {
				ALWAYS_SEARCH_USER_PATHS = NO;
				CLANG_ANALYZER_NONNULL = YES;
				CLANG_ANALYZER_NUMBER_OBJECT_CONVERSION = YES_AGGRESSIVE;
				CLANG_CXX_LANGUAGE_STANDARD = "gnu++14";
				CLANG_CXX_LIBRARY = "libc++";
				CLANG_ENABLE_MODULES = YES;
				CLANG_ENABLE_OBJC_ARC = YES;
				CLANG_ENABLE_OBJC_WEAK = YES;
				CLANG_WARN_BLOCK_CAPTURE_AUTORELEASING = YES;
				CLANG_WARN_BOOL_CONVERSION = YES;
				CLANG_WARN_COMMA = YES;
				CLANG_WARN_CONSTANT_CONVERSION = YES;
				CLANG_WARN_DEPRECATED_OBJC_IMPLEMENTATIONS = YES;
				CLANG_WARN_DIRECT_OBJC_ISA_USAGE = YES_ERROR;
				CLANG_WARN_DOCUMENTATION_COMMENTS = YES;
				CLANG_WARN_EMPTY_BODY = YES;
				CLANG_WARN_ENUM_CONVERSION = YES;
				CLANG_WARN_INFINITE_RECURSION = YES;
				CLANG_WARN_INT_CONVERSION = YES;
				CLANG_WARN_NON_LITERAL_NULL_CONVERSION = YES;
				CLANG_WARN_OBJC_IMPLICIT_RETAIN_SELF = YES;
				CLANG_WARN_OBJC_LITERAL_CONVERSION = YES;
				CLANG_WARN_OBJC_ROOT_CLASS = YES_ERROR;
				CLANG_WARN_RANGE_LOOP_ANALYSIS = YES;
				CLANG_WARN_STRICT_PROTOTYPES = YES;
				CLANG_WARN_SUSPICIOUS_MOVE = YES;
				CLANG_WARN_UNGUARDED_AVAILABILITY = YES_AGGRESSIVE;
				CLANG_WARN_UNREACHABLE_CODE = YES;
				CLANG_WARN__DUPLICATE_METHOD_MATCH = YES;
				COPY_PHASE_STRIP = NO;
				DEBUG_INFORMATION_FORMAT = dwarf;
				ENABLE_STRICT_OBJC_MSGSEND = YES;
				ENABLE_TESTABILITY = YES;
				GCC_C_LANGUAGE_STANDARD = gnu11;
				GCC_DYNAMIC_NO_PIC = NO;
				GCC_NO_COMMON_BLOCKS = YES;
				GCC_OPTIMIZATION_LEVEL = 0;
				GCC_PREPROCESSOR_DEFINITIONS = (
					"DEBUG=1",
					"$(inherited)",
				);
				GCC_WARN_64_TO_32_BIT_CONVERSION = YES;
				GCC_WARN_ABOUT_RETURN_TYPE = YES_ERROR;
				GCC_WARN_UNDECLARED_SELECTOR = YES;
				GCC_WARN_UNINITIALIZED_AUTOS = YES_AGGRESSIVE;
				GCC_WARN_UNUSED_FUNCTION = YES;
				GCC_WARN_UNUSED_VARIABLE = YES;
				IPHONEOS_DEPLOYMENT_TARGET = 13.4;
				MTL_ENABLE_DEBUG_INFO = INCLUDE_SOURCE;
				MTL_FAST_MATH = YES;
				ONLY_ACTIVE_ARCH = YES;
				SDKROOT = iphoneos;
				SWIFT_ACTIVE_COMPILATION_CONDITIONS = DEBUG;
				SWIFT_OPTIMIZATION_LEVEL = "-Onone";
			};
			name = Debug;
		};
		B139FCA7245C16030076D68C /* Release */ = {
			isa = XCBuildConfiguration;
			buildSettings = {
				ALWAYS_SEARCH_USER_PATHS = NO;
				CLANG_ANALYZER_NONNULL = YES;
				CLANG_ANALYZER_NUMBER_OBJECT_CONVERSION = YES_AGGRESSIVE;
				CLANG_CXX_LANGUAGE_STANDARD = "gnu++14";
				CLANG_CXX_LIBRARY = "libc++";
				CLANG_ENABLE_MODULES = YES;
				CLANG_ENABLE_OBJC_ARC = YES;
				CLANG_ENABLE_OBJC_WEAK = YES;
				CLANG_WARN_BLOCK_CAPTURE_AUTORELEASING = YES;
				CLANG_WARN_BOOL_CONVERSION = YES;
				CLANG_WARN_COMMA = YES;
				CLANG_WARN_CONSTANT_CONVERSION = YES;
				CLANG_WARN_DEPRECATED_OBJC_IMPLEMENTATIONS = YES;
				CLANG_WARN_DIRECT_OBJC_ISA_USAGE = YES_ERROR;
				CLANG_WARN_DOCUMENTATION_COMMENTS = YES;
				CLANG_WARN_EMPTY_BODY = YES;
				CLANG_WARN_ENUM_CONVERSION = YES;
				CLANG_WARN_INFINITE_RECURSION = YES;
				CLANG_WARN_INT_CONVERSION = YES;
				CLANG_WARN_NON_LITERAL_NULL_CONVERSION = YES;
				CLANG_WARN_OBJC_IMPLICIT_RETAIN_SELF = YES;
				CLANG_WARN_OBJC_LITERAL_CONVERSION = YES;
				CLANG_WARN_OBJC_ROOT_CLASS = YES_ERROR;
				CLANG_WARN_RANGE_LOOP_ANALYSIS = YES;
				CLANG_WARN_STRICT_PROTOTYPES = YES;
				CLANG_WARN_SUSPICIOUS_MOVE = YES;
				CLANG_WARN_UNGUARDED_AVAILABILITY = YES_AGGRESSIVE;
				CLANG_WARN_UNREACHABLE_CODE = YES;
				CLANG_WARN__DUPLICATE_METHOD_MATCH = YES;
				COPY_PHASE_STRIP = NO;
				DEBUG_INFORMATION_FORMAT = "dwarf-with-dsym";
				ENABLE_NS_ASSERTIONS = NO;
				ENABLE_STRICT_OBJC_MSGSEND = YES;
				GCC_C_LANGUAGE_STANDARD = gnu11;
				GCC_NO_COMMON_BLOCKS = YES;
				GCC_WARN_64_TO_32_BIT_CONVERSION = YES;
				GCC_WARN_ABOUT_RETURN_TYPE = YES_ERROR;
				GCC_WARN_UNDECLARED_SELECTOR = YES;
				GCC_WARN_UNINITIALIZED_AUTOS = YES_AGGRESSIVE;
				GCC_WARN_UNUSED_FUNCTION = YES;
				GCC_WARN_UNUSED_VARIABLE = YES;
				IPHONEOS_DEPLOYMENT_TARGET = 13.4;
				MTL_ENABLE_DEBUG_INFO = NO;
				MTL_FAST_MATH = YES;
				SDKROOT = iphoneos;
				SWIFT_COMPILATION_MODE = wholemodule;
				SWIFT_OPTIMIZATION_LEVEL = "-O";
				VALIDATE_PRODUCT = YES;
			};
			name = Release;
		};
		B139FCA9245C16030076D68C /* Debug */ = {
			isa = XCBuildConfiguration;
			buildSettings = {
				ASSETCATALOG_COMPILER_APPICON_NAME = AppIcon;
				CODE_SIGN_STYLE = Automatic;
				DEVELOPMENT_ASSET_PATHS = "\"ArturCard/Preview Content\"";
				DEVELOPMENT_TEAM = 28NWSX4P98;
				ENABLE_PREVIEWS = YES;
				INFOPLIST_FILE = ArturCard/Info.plist;
				LD_RUNPATH_SEARCH_PATHS = (
					"$(inherited)",
					"@executable_path/Frameworks",
				);
				PRODUCT_BUNDLE_IDENTIFIER = org.knotheartur.ArturCard;
				PRODUCT_NAME = "$(TARGET_NAME)";
				SWIFT_VERSION = 5.0;
				TARGETED_DEVICE_FAMILY = "1,2";
			};
			name = Debug;
		};
		B139FCAA245C16030076D68C /* Release */ = {
			isa = XCBuildConfiguration;
			buildSettings = {
				ASSETCATALOG_COMPILER_APPICON_NAME = AppIcon;
				CODE_SIGN_STYLE = Automatic;
				DEVELOPMENT_ASSET_PATHS = "\"ArturCard/Preview Content\"";
				DEVELOPMENT_TEAM = 28NWSX4P98;
				ENABLE_PREVIEWS = YES;
				INFOPLIST_FILE = ArturCard/Info.plist;
				LD_RUNPATH_SEARCH_PATHS = (
					"$(inherited)",
					"@executable_path/Frameworks",
				);
				PRODUCT_BUNDLE_IDENTIFIER = org.knotheartur.ArturCard;
				PRODUCT_NAME = "$(TARGET_NAME)";
				SWIFT_VERSION = 5.0;
				TARGETED_DEVICE_FAMILY = "1,2";
			};
			name = Release;
		};
/* End XCBuildConfiguration section */

/* Begin XCConfigurationList section */
		B139FC8F245C16020076D68C /* Build configuration list for PBXProject "ArturCard" */ = {
			isa = XCConfigurationList;
			buildConfigurations = (
				B139FCA6245C16030076D68C /* Debug */,
				B139FCA7245C16030076D68C /* Release */,
			);
			defaultConfigurationIsVisible = 0;
			defaultConfigurationName = Release;
		};
		B139FCA8245C16030076D68C /* Build configuration list for PBXNativeTarget "ArturCard" */ = {
			isa = XCConfigurationList;
			buildConfigurations = (
				B139FCA9245C16030076D68C /* Debug */,
				B139FCAA245C16030076D68C /* Release */,
			);
			defaultConfigurationIsVisible = 0;
			defaultConfigurationName = Release;
		};
/* End XCConfigurationList section */
	};
	rootObject = B139FC8C245C16020076D68C /* Project object */;
}
